
Microsoft Visual Studio Solution File, Format Version 12.00
# Visual Studio Version 17
VisualStudioVersion = 17.8.34408.163
MinimumVisualStudioVersion = 10.0.40219.1
Project("{FAE04EC0-301F-11D3-BF4B-00C04F79EFBC}") = "MYController", "MYController\MYController.csproj", "{8376CA16-52A8-43CC-8C28-BF896C7FD1A2}"
EndProject
Global
	GlobalSection(SolutionConfigurationPlatforms) = preSolution
		Debug|Any CPU = Debug|Any CPU
		Release|Any CPU = Release|Any CPU
	EndGlobalSection
	GlobalSection(ProjectConfigurationPlatforms) = postSolution
		{8376CA16-52A8-43CC-8C28-BF896C7FD1A2}.Debug|Any CPU.ActiveCfg = Debug|Any CPU
		{8376CA16-52A8-43CC-8C28-BF896C7FD1A2}.Debug|Any CPU.Build.0 = Debug|Any CPU
		{8376CA16-52A8-43CC-8C28-BF896C7FD1A2}.Release|Any CPU.ActiveCfg = Release|Any CPU
		{8376CA16-52A8-43CC-8C28-BF896C7FD1A2}.Release|Any CPU.Build.0 = Release|Any CPU
	EndGlobalSection
	GlobalSection(SolutionProperties) = preSolution
		HideSolutionNode = FALSE
	EndGlobalSection
	GlobalSection(ExtensibilityGlobals) = postSolution
		SolutionGuid = {98AEB0F1-B5F1-4D93-8940-229A5421CA36}
	EndGlobalSection
EndGlobal
